// !$*UTF8*$!
{
	archiveVersion = 1;
	classes = {
	};
	objectVersion = 56;
	objects = {

/* Begin PBXBuildFile section */
		38884F66296F0F6D00438364 /* AppDelegate.swift in Sources */ = {isa = PBXBuildFile; fileRef = 38884F65296F0F6D00438364 /* AppDelegate.swift */; };
		38884F68296F0F6D00438364 /* SceneDelegate.swift in Sources */ = {isa = PBXBuildFile; fileRef = 38884F67296F0F6D00438364 /* SceneDelegate.swift */; };
		38884F6A296F0F6D00438364 /* ViewController.swift in Sources */ = {isa = PBXBuildFile; fileRef = 38884F69296F0F6D00438364 /* ViewController.swift */; };
		38884F6D296F0F6D00438364 /* Main.storyboard in Resources */ = {isa = PBXBuildFile; fileRef = 38884F6B296F0F6D00438364 /* Main.storyboard */; };
		38884F70296F0F6D00438364 /* ToDoApp.xcdatamodeld in Sources */ = {isa = PBXBuildFile; fileRef = 38884F6E296F0F6D00438364 /* ToDoApp.xcdatamodeld */; };
		38884F72296F0F6E00438364 /* Assets.xcassets in Resources */ = {isa = PBXBuildFile; fileRef = 38884F71296F0F6E00438364 /* Assets.xcassets */; };
		38884F75296F0F6E00438364 /* LaunchScreen.storyboard in Resources */ = {isa = PBXBuildFile; fileRef = 38884F73296F0F6E00438364 /* LaunchScreen.storyboard */; };
		38884F7E296F107200438364 /* ToDoListItem+CoreDataClass.swift in Sources */ = {isa = PBXBuildFile; fileRef = 38884F7C296F107200438364 /* ToDoListItem+CoreDataClass.swift */; };
		38884F7F296F107200438364 /* ToDoListItem+CoreDataProperties.swift in Sources */ = {isa = PBXBuildFile; fileRef = 38884F7D296F107200438364 /* ToDoListItem+CoreDataProperties.swift */; };
		38CD1E53296FDFBE00DD52EC /* Extensions.swift in Sources */ = {isa = PBXBuildFile; fileRef = 38CD1E52296FDFBE00DD52EC /* Extensions.swift */; };
		38CD1E56296FE03000DD52EC /* HomeViewController.swift in Sources */ = {isa = PBXBuildFile; fileRef = 38CD1E55296FE03000DD52EC /* HomeViewController.swift */; };
		38CD1E59296FE0C000DD52EC /* NewStopwatchViewModel.swift in Sources */ = {isa = PBXBuildFile; fileRef = 38CD1E58296FE0C000DD52EC /* NewStopwatchViewModel.swift */; };
		38CD1E5B296FE11800DD52EC /* NewStopwatchViewCell.swift in Sources */ = {isa = PBXBuildFile; fileRef = 38CD1E5A296FE11800DD52EC /* NewStopwatchViewCell.swift */; };
		38CD1E5D296FE14000DD52EC /* TabBarViewController.swift in Sources */ = {isa = PBXBuildFile; fileRef = 38CD1E5C296FE14000DD52EC /* TabBarViewController.swift */; };
		38CD1E5F296FE16200DD52EC /* ProfileViewController.swift in Sources */ = {isa = PBXBuildFile; fileRef = 38CD1E5E296FE16200DD52EC /* ProfileViewController.swift */; };
		38CD1E61296FE17D00DD52EC /* FeedViewController.swift in Sources */ = {isa = PBXBuildFile; fileRef = 38CD1E60296FE17D00DD52EC /* FeedViewController.swift */; };
/* End PBXBuildFile section */

/* Begin PBXFileReference section */
		38884F62296F0F6D00438364 /* ToDoApp.app */ = {isa = PBXFileReference; explicitFileType = wrapper.application; includeInIndex = 0; path = ToDoApp.app; sourceTree = BUILT_PRODUCTS_DIR; };
		38884F65296F0F6D00438364 /* AppDelegate.swift */ = {isa = PBXFileReference; lastKnownFileType = sourcecode.swift; path = AppDelegate.swift; sourceTree = "<group>"; };
		38884F67296F0F6D00438364 /* SceneDelegate.swift */ = {isa = PBXFileReference; lastKnownFileType = sourcecode.swift; path = SceneDelegate.swift; sourceTree = "<group>"; };
		38884F69296F0F6D00438364 /* ViewController.swift */ = {isa = PBXFileReference; lastKnownFileType = sourcecode.swift; path = ViewController.swift; sourceTree = "<group>"; };
		38884F6C296F0F6D00438364 /* Base */ = {isa = PBXFileReference; lastKnownFileType = file.storyboard; name = Base; path = Base.lproj/Main.storyboard; sourceTree = "<group>"; };
		38884F6F296F0F6D00438364 /* ToDoApp.xcdatamodel */ = {isa = PBXFileReference; lastKnownFileType = wrapper.xcdatamodel; path = ToDoApp.xcdatamodel; sourceTree = "<group>"; };
		38884F71296F0F6E00438364 /* Assets.xcassets */ = {isa = PBXFileReference; lastKnownFileType = folder.assetcatalog; path = Assets.xcassets; sourceTree = "<group>"; };
		38884F74296F0F6E00438364 /* Base */ = {isa = PBXFileReference; lastKnownFileType = file.storyboard; name = Base; path = Base.lproj/LaunchScreen.storyboard; sourceTree = "<group>"; };
		38884F76296F0F6E00438364 /* Info.plist */ = {isa = PBXFileReference; lastKnownFileType = text.plist.xml; path = Info.plist; sourceTree = "<group>"; };
		38884F7C296F107200438364 /* ToDoListItem+CoreDataClass.swift */ = {isa = PBXFileReference; lastKnownFileType = sourcecode.swift; path = "ToDoListItem+CoreDataClass.swift"; sourceTree = "<group>"; };
		38884F7D296F107200438364 /* ToDoListItem+CoreDataProperties.swift */ = {isa = PBXFileReference; lastKnownFileType = sourcecode.swift; path = "ToDoListItem+CoreDataProperties.swift"; sourceTree = "<group>"; };
		38CD1E52296FDFBE00DD52EC /* Extensions.swift */ = {isa = PBXFileReference; lastKnownFileType = sourcecode.swift; path = Extensions.swift; sourceTree = "<group>"; };
		38CD1E55296FE03000DD52EC /* HomeViewController.swift */ = {isa = PBXFileReference; lastKnownFileType = sourcecode.swift; path = HomeViewController.swift; sourceTree = "<group>"; };
		38CD1E58296FE0C000DD52EC /* NewStopwatchViewModel.swift */ = {isa = PBXFileReference; lastKnownFileType = sourcecode.swift; path = NewStopwatchViewModel.swift; sourceTree = "<group>"; };
		38CD1E5A296FE11800DD52EC /* NewStopwatchViewCell.swift */ = {isa = PBXFileReference; lastKnownFileType = sourcecode.swift; path = NewStopwatchViewCell.swift; sourceTree = "<group>"; };
		38CD1E5C296FE14000DD52EC /* TabBarViewController.swift */ = {isa = PBXFileReference; lastKnownFileType = sourcecode.swift; path = TabBarViewController.swift; sourceTree = "<group>"; };
		38CD1E5E296FE16200DD52EC /* ProfileViewController.swift */ = {isa = PBXFileReference; lastKnownFileType = sourcecode.swift; path = ProfileViewController.swift; sourceTree = "<group>"; };
		38CD1E60296FE17D00DD52EC /* FeedViewController.swift */ = {isa = PBXFileReference; lastKnownFileType = sourcecode.swift; path = FeedViewController.swift; sourceTree = "<group>"; };
/* End PBXFileReference section */

/* Begin PBXFrameworksBuildPhase section */
		38884F5F296F0F6D00438364 /* Frameworks */ = {
			isa = PBXFrameworksBuildPhase;
			buildActionMask = 2147483647;
			files = (
			);
			runOnlyForDeploymentPostprocessing = 0;
		};
/* End PBXFrameworksBuildPhase section */

/* Begin PBXGroup section */
		38884F59296F0F6D00438364 = {
			isa = PBXGroup;
			children = (
				38884F64296F0F6D00438364 /* ToDoApp */,
				38884F63296F0F6D00438364 /* Products */,
			);
			sourceTree = "<group>";
		};
		38884F63296F0F6D00438364 /* Products */ = {
			isa = PBXGroup;
			children = (
				38884F62296F0F6D00438364 /* ToDoApp.app */,
			);
			name = Products;
			sourceTree = "<group>";
		};
		38884F64296F0F6D00438364 /* ToDoApp */ = {
			isa = PBXGroup;
			children = (
				38CD1E57296FE0B500DD52EC /* Models */,
				38CD1E51296FDF8100DD52EC /* Other */,
				38CD1E50296FDF7000DD52EC /* Views */,
				38CD1E4F296FDE8400DD52EC /* Controllers */,
				38884F80296F108A00438364 /* ToDoListItem */,
				38884F6B296F0F6D00438364 /* Main.storyboard */,
				38884F73296F0F6E00438364 /* LaunchScreen.storyboard */,
				38884F76296F0F6E00438364 /* Info.plist */,
			);
			path = ToDoApp;
			sourceTree = "<group>";
		};
		38884F80296F108A00438364 /* ToDoListItem */ = {
			isa = PBXGroup;
			children = (
				38884F7C296F107200438364 /* ToDoListItem+CoreDataClass.swift */,
				38884F7D296F107200438364 /* ToDoListItem+CoreDataProperties.swift */,
			);
			path = ToDoListItem;
			sourceTree = "<group>";
		};
		38CD1E4F296FDE8400DD52EC /* Controllers */ = {
			isa = PBXGroup;
			children = (
				38CD1E54296FE00500DD52EC /* CoreTabs */,
				38884F69296F0F6D00438364 /* ViewController.swift */,
			);
			path = Controllers;
			sourceTree = "<group>";
		};
		38CD1E50296FDF7000DD52EC /* Views */ = {
			isa = PBXGroup;
			children = (
				38CD1E5A296FE11800DD52EC /* NewStopwatchViewCell.swift */,
			);
			path = Views;
			sourceTree = "<group>";
		};
		38CD1E51296FDF8100DD52EC /* Other */ = {
			isa = PBXGroup;
			children = (
				38884F71296F0F6E00438364 /* Assets.xcassets */,
				38884F6E296F0F6D00438364 /* ToDoApp.xcdatamodeld */,
				38884F67296F0F6D00438364 /* SceneDelegate.swift */,
				38884F65296F0F6D00438364 /* AppDelegate.swift */,
				38CD1E52296FDFBE00DD52EC /* Extensions.swift */,
			);
			path = Other;
			sourceTree = "<group>";
		};
		38CD1E54296FE00500DD52EC /* CoreTabs */ = {
			isa = PBXGroup;
			children = (
				38CD1E55296FE03000DD52EC /* HomeViewController.swift */,
				38CD1E5C296FE14000DD52EC /* TabBarViewController.swift */,
				38CD1E5E296FE16200DD52EC /* ProfileViewController.swift */,
				38CD1E60296FE17D00DD52EC /* FeedViewController.swift */,
			);
			path = CoreTabs;
			sourceTree = "<group>";
		};
		38CD1E57296FE0B500DD52EC /* Models */ = {
			isa = PBXGroup;
			children = (
				38CD1E58296FE0C000DD52EC /* NewStopwatchViewModel.swift */,
			);
			path = Models;
			sourceTree = "<group>";
		};
/* End PBXGroup section */

/* Begin PBXNativeTarget section */
		38884F61296F0F6D00438364 /* ToDoApp */ = {
			isa = PBXNativeTarget;
			buildConfigurationList = 38884F79296F0F6E00438364 /* Build configuration list for PBXNativeTarget "ToDoApp" */;
			buildPhases = (
				38884F5E296F0F6D00438364 /* Sources */,
				38884F5F296F0F6D00438364 /* Frameworks */,
				38884F60296F0F6D00438364 /* Resources */,
			);
			buildRules = (
			);
			dependencies = (
			);
			name = ToDoApp;
			productName = ToDoApp;
			productReference = 38884F62296F0F6D00438364 /* ToDoApp.app */;
			productType = "com.apple.product-type.application";
		};
/* End PBXNativeTarget section */

/* Begin PBXProject section */
		38884F5A296F0F6D00438364 /* Project object */ = {
			isa = PBXProject;
			attributes = {
				BuildIndependentTargetsInParallel = 1;
				LastSwiftUpdateCheck = 1420;
				LastUpgradeCheck = 1420;
				TargetAttributes = {
					38884F61296F0F6D00438364 = {
						CreatedOnToolsVersion = 14.2;
					};
				};
			};
			buildConfigurationList = 38884F5D296F0F6D00438364 /* Build configuration list for PBXProject "ToDoApp" */;
			compatibilityVersion = "Xcode 14.0";
			developmentRegion = en;
			hasScannedForEncodings = 0;
			knownRegions = (
				en,
				Base,
			);
			mainGroup = 38884F59296F0F6D00438364;
			productRefGroup = 38884F63296F0F6D00438364 /* Products */;
			projectDirPath = "";
			projectRoot = "";
			targets = (
				38884F61296F0F6D00438364 /* ToDoApp */,
			);
		};
/* End PBXProject section */

/* Begin PBXResourcesBuildPhase section */
		38884F60296F0F6D00438364 /* Resources */ = {
			isa = PBXResourcesBuildPhase;
			buildActionMask = 2147483647;
			files = (
				38884F75296F0F6E00438364 /* LaunchScreen.storyboard in Resources */,
				38884F72296F0F6E00438364 /* Assets.xcassets in Resources */,
				38884F6D296F0F6D00438364 /* Main.storyboard in Resources */,
			);
			runOnlyForDeploymentPostprocessing = 0;
		};
/* End PBXResourcesBuildPhase section */

/* Begin PBXSourcesBuildPhase section */
		38884F5E296F0F6D00438364 /* Sources */ = {
			isa = PBXSourcesBuildPhase;
			buildActionMask = 2147483647;
			files = (
				38CD1E61296FE17D00DD52EC /* FeedViewController.swift in Sources */,
				38884F6A296F0F6D00438364 /* ViewController.swift in Sources */,
				38884F66296F0F6D00438364 /* AppDelegate.swift in Sources */,
				38CD1E5D296FE14000DD52EC /* TabBarViewController.swift in Sources */,
				38884F68296F0F6D00438364 /* SceneDelegate.swift in Sources */,
				38CD1E5B296FE11800DD52EC /* NewStopwatchViewCell.swift in Sources */,
				38CD1E56296FE03000DD52EC /* HomeViewController.swift in Sources */,
				38CD1E5F296FE16200DD52EC /* ProfileViewController.swift in Sources */,
				38884F7E296F107200438364 /* ToDoListItem+CoreDataClass.swift in Sources */,
				38884F7F296F107200438364 /* ToDoListItem+CoreDataProperties.swift in Sources */,
				38884F70296F0F6D00438364 /* ToDoApp.xcdatamodeld in Sources */,
				38CD1E59296FE0C000DD52EC /* NewStopwatchViewModel.swift in Sources */,
				38CD1E53296FDFBE00DD52EC /* Extensions.swift in Sources */,
			);
			runOnlyForDeploymentPostprocessing = 0;
		};
/* End PBXSourcesBuildPhase section */

/* Begin PBXVariantGroup section */
		38884F6B296F0F6D00438364 /* Main.storyboard */ = {
			isa = PBXVariantGroup;
			children = (
				38884F6C296F0F6D00438364 /* Base */,
			);
			name = Main.storyboard;
			sourceTree = "<group>";
		};
		38884F73296F0F6E00438364 /* LaunchScreen.storyboard */ = {
			isa = PBXVariantGroup;
			children = (
				38884F74296F0F6E00438364 /* Base */,
			);
			name = LaunchScreen.storyboard;
			sourceTree = "<group>";
		};
/* End PBXVariantGroup section */

/* Begin XCBuildConfiguration section */
		38884F77296F0F6E00438364 /* Debug */ = {
			isa = XCBuildConfiguration;
			buildSettings = {
				ALWAYS_SEARCH_USER_PATHS = NO;
				CLANG_ANALYZER_NONNULL = YES;
				CLANG_ANALYZER_NUMBER_OBJECT_CONVERSION = YES_AGGRESSIVE;
				CLANG_CXX_LANGUAGE_STANDARD = "gnu++20";
				CLANG_ENABLE_MODULES = YES;
				CLANG_ENABLE_OBJC_ARC = YES;
				CLANG_ENABLE_OBJC_WEAK = YES;
				CLANG_WARN_BLOCK_CAPTURE_AUTORELEASING = YES;
				CLANG_WARN_BOOL_CONVERSION = YES;
				CLANG_WARN_COMMA = YES;
				CLANG_WARN_CONSTANT_CONVERSION = YES;
				CLANG_WARN_DEPRECATED_OBJC_IMPLEMENTATIONS = YES;
				CLANG_WARN_DIRECT_OBJC_ISA_USAGE = YES_ERROR;
				CLANG_WARN_DOCUMENTATION_COMMENTS = YES;
				CLANG_WARN_EMPTY_BODY = YES;
				CLANG_WARN_ENUM_CONVERSION = YES;
				CLANG_WARN_INFINITE_RECURSION = YES;
				CLANG_WARN_INT_CONVERSION = YES;
				CLANG_WARN_NON_LITERAL_NULL_CONVERSION = YES;
				CLANG_WARN_OBJC_IMPLICIT_RETAIN_SELF = YES;
				CLANG_WARN_OBJC_LITERAL_CONVERSION = YES;
				CLANG_WARN_OBJC_ROOT_CLASS = YES_ERROR;
				CLANG_WARN_QUOTED_INCLUDE_IN_FRAMEWORK_HEADER = YES;
				CLANG_WARN_RANGE_LOOP_ANALYSIS = YES;
				CLANG_WARN_STRICT_PROTOTYPES = YES;
				CLANG_WARN_SUSPICIOUS_MOVE = YES;
				CLANG_WARN_UNGUARDED_AVAILABILITY = YES_AGGRESSIVE;
				CLANG_WARN_UNREACHABLE_CODE = YES;
				CLANG_WARN__DUPLICATE_METHOD_MATCH = YES;
				COPY_PHASE_STRIP = NO;
				DEBUG_INFORMATION_FORMAT = dwarf;
				ENABLE_STRICT_OBJC_MSGSEND = YES;
				ENABLE_TESTABILITY = YES;
				GCC_C_LANGUAGE_STANDARD = gnu11;
				GCC_DYNAMIC_NO_PIC = NO;
				GCC_NO_COMMON_BLOCKS = YES;
				GCC_OPTIMIZATION_LEVEL = 0;
				GCC_PREPROCESSOR_DEFINITIONS = (
					"DEBUG=1",
					"$(inherited)",
				);
				GCC_WARN_64_TO_32_BIT_CONVERSION = YES;
				GCC_WARN_ABOUT_RETURN_TYPE = YES_ERROR;
				GCC_WARN_UNDECLARED_SELECTOR = YES;
				GCC_WARN_UNINITIALIZED_AUTOS = YES_AGGRESSIVE;
				GCC_WARN_UNUSED_FUNCTION = YES;
				GCC_WARN_UNUSED_VARIABLE = YES;
				IPHONEOS_DEPLOYMENT_TARGET = 16.2;
				MTL_ENABLE_DEBUG_INFO = INCLUDE_SOURCE;
				MTL_FAST_MATH = YES;
				ONLY_ACTIVE_ARCH = YES;
				SDKROOT = iphoneos;
				SWIFT_ACTIVE_COMPILATION_CONDITIONS = DEBUG;
				SWIFT_OPTIMIZATION_LEVEL = "-Onone";
			};
			name = Debug;
		};
		38884F78296F0F6E00438364 /* Release */ = {
			isa = XCBuildConfiguration;
			buildSettings = {
				ALWAYS_SEARCH_USER_PATHS = NO;
				CLANG_ANALYZER_NONNULL = YES;
				CLANG_ANALYZER_NUMBER_OBJECT_CONVERSION = YES_AGGRESSIVE;
				CLANG_CXX_LANGUAGE_STANDARD = "gnu++20";
				CLANG_ENABLE_MODULES = YES;
				CLANG_ENABLE_OBJC_ARC = YES;
				CLANG_ENABLE_OBJC_WEAK = YES;
				CLANG_WARN_BLOCK_CAPTURE_AUTORELEASING = YES;
				CLANG_WARN_BOOL_CONVERSION = YES;
				CLANG_WARN_COMMA = YES;
				CLANG_WARN_CONSTANT_CONVERSION = YES;
				CLANG_WARN_DEPRECATED_OBJC_IMPLEMENTATIONS = YES;
				CLANG_WARN_DIRECT_OBJC_ISA_USAGE = YES_ERROR;
				CLANG_WARN_DOCUMENTATION_COMMENTS = YES;
				CLANG_WARN_EMPTY_BODY = YES;
				CLANG_WARN_ENUM_CONVERSION = YES;
				CLANG_WARN_INFINITE_RECURSION = YES;
				CLANG_WARN_INT_CONVERSION = YES;
				CLANG_WARN_NON_LITERAL_NULL_CONVERSION = YES;
				CLANG_WARN_OBJC_IMPLICIT_RETAIN_SELF = YES;
				CLANG_WARN_OBJC_LITERAL_CONVERSION = YES;
				CLANG_WARN_OBJC_ROOT_CLASS = YES_ERROR;
				CLANG_WARN_QUOTED_INCLUDE_IN_FRAMEWORK_HEADER = YES;
				CLANG_WARN_RANGE_LOOP_ANALYSIS = YES;
				CLANG_WARN_STRICT_PROTOTYPES = YES;
				CLANG_WARN_SUSPICIOUS_MOVE = YES;
				CLANG_WARN_UNGUARDED_AVAILABILITY = YES_AGGRESSIVE;
				CLANG_WARN_UNREACHABLE_CODE = YES;
				CLANG_WARN__DUPLICATE_METHOD_MATCH = YES;
				COPY_PHASE_STRIP = NO;
				DEBUG_INFORMATION_FORMAT = "dwarf-with-dsym";
				ENABLE_NS_ASSERTIONS = NO;
				ENABLE_STRICT_OBJC_MSGSEND = YES;
				GCC_C_LANGUAGE_STANDARD = gnu11;
				GCC_NO_COMMON_BLOCKS = YES;
				GCC_WARN_64_TO_32_BIT_CONVERSION = YES;
				GCC_WARN_ABOUT_RETURN_TYPE = YES_ERROR;
				GCC_WARN_UNDECLARED_SELECTOR = YES;
				GCC_WARN_UNINITIALIZED_AUTOS = YES_AGGRESSIVE;
				GCC_WARN_UNUSED_FUNCTION = YES;
				GCC_WARN_UNUSED_VARIABLE = YES;
				IPHONEOS_DEPLOYMENT_TARGET = 16.2;
				MTL_ENABLE_DEBUG_INFO = NO;
				MTL_FAST_MATH = YES;
				SDKROOT = iphoneos;
				SWIFT_COMPILATION_MODE = wholemodule;
				SWIFT_OPTIMIZATION_LEVEL = "-O";
				VALIDATE_PRODUCT = YES;
			};
			name = Release;
		};
		38884F7A296F0F6E00438364 /* Debug */ = {
			isa = XCBuildConfiguration;
			buildSettings = {
				ASSETCATALOG_COMPILER_APPICON_NAME = AppIcon;
				ASSETCATALOG_COMPILER_GLOBAL_ACCENT_COLOR_NAME = AccentColor;
				CODE_SIGN_STYLE = Automatic;
				CURRENT_PROJECT_VERSION = 1;
				DEVELOPMENT_TEAM = U43Z5P2C5W;
				GENERATE_INFOPLIST_FILE = YES;
				INFOPLIST_FILE = ToDoApp/Info.plist;
				INFOPLIST_KEY_UIApplicationSupportsIndirectInputEvents = YES;
				INFOPLIST_KEY_UILaunchStoryboardName = LaunchScreen;
				INFOPLIST_KEY_UIMainStoryboardFile = Main;
				INFOPLIST_KEY_UISupportedInterfaceOrientations_iPad = "UIInterfaceOrientationPortrait UIInterfaceOrientationPortraitUpsideDown UIInterfaceOrientationLandscapeLeft UIInterfaceOrientationLandscapeRight";
				INFOPLIST_KEY_UISupportedInterfaceOrientations_iPhone = "UIInterfaceOrientationPortrait UIInterfaceOrientationLandscapeLeft UIInterfaceOrientationLandscapeRight";
				LD_RUNPATH_SEARCH_PATHS = (
					"$(inherited)",
					"@executable_path/Frameworks",
				);
				MARKETING_VERSION = 1.0;
				PRODUCT_BUNDLE_IDENTIFIER = com.alishabd.ToDoApp;
				PRODUCT_NAME = "$(TARGET_NAME)";
				SWIFT_EMIT_LOC_STRINGS = YES;
				SWIFT_VERSION = 5.0;
				TARGETED_DEVICE_FAMILY = "1,2";
			};
			name = Debug;
		};
		38884F7B296F0F6E00438364 /* Release */ = {
			isa = XCBuildConfiguration;
			buildSettings = {
				ASSETCATALOG_COMPILER_APPICON_NAME = AppIcon;
				ASSETCATALOG_COMPILER_GLOBAL_ACCENT_COLOR_NAME = AccentColor;
				CODE_SIGN_STYLE = Automatic;
				CURRENT_PROJECT_VERSION = 1;
				DEVELOPMENT_TEAM = U43Z5P2C5W;
				GENERATE_INFOPLIST_FILE = YES;
				INFOPLIST_FILE = ToDoApp/Info.plist;
				INFOPLIST_KEY_UIApplicationSupportsIndirectInputEvents = YES;
				INFOPLIST_KEY_UILaunchStoryboardName = LaunchScreen;
				INFOPLIST_KEY_UIMainStoryboardFile = Main;
				INFOPLIST_KEY_UISupportedInterfaceOrientations_iPad = "UIInterfaceOrientationPortrait UIInterfaceOrientationPortraitUpsideDown UIInterfaceOrientationLandscapeLeft UIInterfaceOrientationLandscapeRight";
				INFOPLIST_KEY_UISupportedInterfaceOrientations_iPhone = "UIInterfaceOrientationPortrait UIInterfaceOrientationLandscapeLeft UIInterfaceOrientationLandscapeRight";
				LD_RUNPATH_SEARCH_PATHS = (
					"$(inherited)",
					"@executable_path/Frameworks",
				);
				MARKETING_VERSION = 1.0;
				PRODUCT_BUNDLE_IDENTIFIER = com.alishabd.ToDoApp;
				PRODUCT_NAME = "$(TARGET_NAME)";
				SWIFT_EMIT_LOC_STRINGS = YES;
				SWIFT_VERSION = 5.0;
				TARGETED_DEVICE_FAMILY = "1,2";
			};
			name = Release;
		};
/* End XCBuildConfiguration section */

/* Begin XCConfigurationList section */
		38884F5D296F0F6D00438364 /* Build configuration list for PBXProject "ToDoApp" */ = {
			isa = XCConfigurationList;
			buildConfigurations = (
				38884F77296F0F6E00438364 /* Debug */,
				38884F78296F0F6E00438364 /* Release */,
			);
			defaultConfigurationIsVisible = 0;
			defaultConfigurationName = Release;
		};
		38884F79296F0F6E00438364 /* Build configuration list for PBXNativeTarget "ToDoApp" */ = {
			isa = XCConfigurationList;
			buildConfigurations = (
				38884F7A296F0F6E00438364 /* Debug */,
				38884F7B296F0F6E00438364 /* Release */,
			);
			defaultConfigurationIsVisible = 0;
			defaultConfigurationName = Release;
		};
/* End XCConfigurationList section */

/* Begin XCVersionGroup section */
		38884F6E296F0F6D00438364 /* ToDoApp.xcdatamodeld */ = {
			isa = XCVersionGroup;
			children = (
				38884F6F296F0F6D00438364 /* ToDoApp.xcdatamodel */,
			);
			currentVersion = 38884F6F296F0F6D00438364 /* ToDoApp.xcdatamodel */;
			path = ToDoApp.xcdatamodeld;
			sourceTree = "<group>";
			versionGroupType = wrapper.xcdatamodel;
		};
/* End XCVersionGroup section */
	};
	rootObject = 38884F5A296F0F6D00438364 /* Project object */;
}
